
Microsoft Visual Studio Solution File, Format Version 12.00
# Visual Studio Version 17
VisualStudioVersion = 17.5.2.0
MinimumVisualStudioVersion = 10.0.40219.1
Project("{FAE04EC0-301F-11D3-BF4B-00C04F79EFBC}") = "APIGoat", "APIGoat.csproj", "{190EB4B5-1A82-8084-9BC2-4BA47D9AC7FA}"
EndProject
Project("{FAE04EC0-301F-11D3-BF4B-00C04F79EFBC}") = "CarInventoryApp", "..\CarInventoryApp\CarInventoryApp.csproj", "{971EADEA-66FE-4BDC-911B-9A61B035F493}"
EndProject
Global
	GlobalSection(SolutionConfigurationPlatforms) = preSolution
		Debug|Any CPU = Debug|Any CPU
		Debug|x64 = Debug|x64
		Debug|x86 = Debug|x86
		Release|Any CPU = Release|Any CPU
		Release|x64 = Release|x64
		Release|x86 = Release|x86
	EndGlobalSection
	GlobalSection(ProjectConfigurationPlatforms) = postSolution
		{190EB4B5-1A82-8084-9BC2-4BA47D9AC7FA}.Debug|Any CPU.ActiveCfg = Debug|Any CPU
		{190EB4B5-1A82-8084-9BC2-4BA47D9AC7FA}.Debug|Any CPU.Build.0 = Debug|Any CPU
		{190EB4B5-1A82-8084-9BC2-4BA47D9AC7FA}.Debug|x64.ActiveCfg = Debug|Any CPU
		{190EB4B5-1A82-8084-9BC2-4BA47D9AC7FA}.Debug|x64.Build.0 = Debug|Any CPU
		{190EB4B5-1A82-8084-9BC2-4BA47D9AC7FA}.Debug|x86.ActiveCfg = Debug|Any CPU
		{190EB4B5-1A82-8084-9BC2-4BA47D9AC7FA}.Debug|x86.Build.0 = Debug|Any CPU
		{190EB4B5-1A82-8084-9BC2-4BA47D9AC7FA}.Release|Any CPU.ActiveCfg = Release|Any CPU
		{190EB4B5-1A82-8084-9BC2-4BA47D9AC7FA}.Release|Any CPU.Build.0 = Release|Any CPU
		{190EB4B5-1A82-8084-9BC2-4BA47D9AC7FA}.Release|x64.ActiveCfg = Release|Any CPU
		{190EB4B5-1A82-8084-9BC2-4BA47D9AC7FA}.Release|x64.Build.0 = Release|Any CPU
		{190EB4B5-1A82-8084-9BC2-4BA47D9AC7FA}.Release|x86.ActiveCfg = Release|Any CPU
		{190EB4B5-1A82-8084-9BC2-4BA47D9AC7FA}.Release|x86.Build.0 = Release|Any CPU
		{971EADEA-66FE-4BDC-911B-9A61B035F493}.Debug|Any CPU.ActiveCfg = Debug|Any CPU
		{971EADEA-66FE-4BDC-911B-9A61B035F493}.Debug|Any CPU.Build.0 = Debug|Any CPU
		{971EADEA-66FE-4BDC-911B-9A61B035F493}.Debug|x64.ActiveCfg = Debug|Any CPU
		{971EADEA-66FE-4BDC-911B-9A61B035F493}.Debug|x64.Build.0 = Debug|Any CPU
		{971EADEA-66FE-4BDC-911B-9A61B035F493}.Debug|x86.ActiveCfg = Debug|Any CPU
		{971EADEA-66FE-4BDC-911B-9A61B035F493}.Debug|x86.Build.0 = Debug|Any CPU
		{971EADEA-66FE-4BDC-911B-9A61B035F493}.Release|Any CPU.ActiveCfg = Release|Any CPU
		{971EADEA-66FE-4BDC-911B-9A61B035F493}.Release|Any CPU.Build.0 = Release|Any CPU
		{971EADEA-66FE-4BDC-911B-9A61B035F493}.Release|x64.ActiveCfg = Release|Any CPU
		{971EADEA-66FE-4BDC-911B-9A61B035F493}.Release|x64.Build.0 = Release|Any CPU
		{971EADEA-66FE-4BDC-911B-9A61B035F493}.Release|x86.ActiveCfg = Release|Any CPU
		{971EADEA-66FE-4BDC-911B-9A61B035F493}.Release|x86.Build.0 = Release|Any CPU
	EndGlobalSection
	GlobalSection(SolutionProperties) = preSolution
		HideSolutionNode = FALSE
	EndGlobalSection
	GlobalSection(ExtensibilityGlobals) = postSolution
		SolutionGuid = {0DDCAD70-6A53-4402-A604-2CD8A67897F3}
	EndGlobalSection
EndGlobal
